
Microsoft Visual Studio Solution File, Format Version 12.00
Project("{FAE04EC0-301F-11D3-BF4B-00C04F79EFBC}") = "event-horizon-backend", "event-horizon-backend\event-horizon-backend.csproj", "{CF39BA70-FDDA-4DC8-8AAB-6178CE1720A0}"
EndProject
Global
	GlobalSection(SolutionConfigurationPlatforms) = preSolution
		Debug|Any CPU = Debug|Any CPU
		Release|Any CPU = Release|Any CPU
	EndGlobalSection
	GlobalSection(ProjectConfigurationPlatforms) = postSolution
		{CF39BA70-FDDA-4DC8-8AAB-6178CE1720A0}.Debug|Any CPU.ActiveCfg = Debug|Any CPU
		{CF39BA70-FDDA-4DC8-8AAB-6178CE1720A0}.Debug|Any CPU.Build.0 = Debug|Any CPU
		{CF39BA70-FDDA-4DC8-8AAB-6178CE1720A0}.Release|Any CPU.ActiveCfg = Release|Any CPU
		{CF39BA70-FDDA-4DC8-8AAB-6178CE1720A0}.Release|Any CPU.Build.0 = Release|Any CPU
	EndGlobalSection
EndGlobal
